
Microsoft Visual Studio Solution File, Format Version 12.00
# Visual Studio Version 17
VisualStudioVersion = 17.14.36203.30 d17.14
MinimumVisualStudioVersion = 10.0.40219.1
Project("{FAE04EC0-301F-11D3-BF4B-00C04F79EFBC}") = "Vidya AI Study Companion", "Vidya AI Study Companion.csproj", "{D0807528-E488-4BAD-AB43-21DD310164B6}"
EndProject
Global
	GlobalSection(SolutionConfigurationPlatforms) = preSolution
		Debug|Any CPU = Debug|Any CPU
		Release|Any CPU = Release|Any CPU
	EndGlobalSection
	GlobalSection(ProjectConfigurationPlatforms) = postSolution
		{D0807528-E488-4BAD-AB43-21DD310164B6}.Debug|Any CPU.ActiveCfg = Debug|Any CPU
		{D0807528-E488-4BAD-AB43-21DD310164B6}.Debug|Any CPU.Build.0 = Debug|Any CPU
		{D0807528-E488-4BAD-AB43-21DD310164B6}.Release|Any CPU.ActiveCfg = Release|Any CPU
		{D0807528-E488-4BAD-AB43-21DD310164B6}.Release|Any CPU.Build.0 = Release|Any CPU
	EndGlobalSection
	GlobalSection(SolutionProperties) = preSolution
		HideSolutionNode = FALSE
	EndGlobalSection
	GlobalSection(ExtensibilityGlobals) = postSolution
		SolutionGuid = {CE24775F-6855-4B7A-B446-D1AAD5BC99EA}
	EndGlobalSection
EndGlobal
